
Microsoft Visual Studio Solution File, Format Version 12.00
# Visual Studio 15
VisualStudioVersion = 15.0.27130.2036
MinimumVisualStudioVersion = 10.0.40219.1
Project("{FAE04EC0-301F-11D3-BF4B-00C04F79EFBC}") = "Addressbook-web-tests", "Addressbook-web-tests\Addressbook-web-tests.csproj", "{BD7B3FE2-100A-4B16-8FEB-38C30E0DAB8E}"
EndProject
Project("{FAE04EC0-301F-11D3-BF4B-00C04F79EFBC}") = "Addressbook-test-data-generators", "Addressbook-test-data-generators\Addressbook-test-data-generators.csproj", "{F87619A7-E69A-479F-B53B-0788D9423012}"
	ProjectSection(ProjectDependencies) = postProject
		{BD7B3FE2-100A-4B16-8FEB-38C30E0DAB8E} = {BD7B3FE2-100A-4B16-8FEB-38C30E0DAB8E}
	EndProjectSection
EndProject
Global
	GlobalSection(SolutionConfigurationPlatforms) = preSolution
		Debug|Any CPU = Debug|Any CPU
		Release|Any CPU = Release|Any CPU
	EndGlobalSection
	GlobalSection(ProjectConfigurationPlatforms) = postSolution
		{BD7B3FE2-100A-4B16-8FEB-38C30E0DAB8E}.Debug|Any CPU.ActiveCfg = Debug|Any CPU
		{BD7B3FE2-100A-4B16-8FEB-38C30E0DAB8E}.Debug|Any CPU.Build.0 = Debug|Any CPU
		{BD7B3FE2-100A-4B16-8FEB-38C30E0DAB8E}.Release|Any CPU.ActiveCfg = Release|Any CPU
		{BD7B3FE2-100A-4B16-8FEB-38C30E0DAB8E}.Release|Any CPU.Build.0 = Release|Any CPU
		{F87619A7-E69A-479F-B53B-0788D9423012}.Debug|Any CPU.ActiveCfg = Debug|Any CPU
		{F87619A7-E69A-479F-B53B-0788D9423012}.Debug|Any CPU.Build.0 = Debug|Any CPU
		{F87619A7-E69A-479F-B53B-0788D9423012}.Release|Any CPU.ActiveCfg = Release|Any CPU
		{F87619A7-E69A-479F-B53B-0788D9423012}.Release|Any CPU.Build.0 = Release|Any CPU
	EndGlobalSection
	GlobalSection(SolutionProperties) = preSolution
		HideSolutionNode = FALSE
	EndGlobalSection
	GlobalSection(ExtensibilityGlobals) = postSolution
		SolutionGuid = {0F581184-AFFA-4976-A523-A10D8FBFEB50}
	EndGlobalSection
EndGlobal
